// !$*UTF8*$!
{
	archiveVersion = 1;
	classes = {
	};
	objectVersion = 50;
	objects = {

/* Begin PBXBuildFile section */
		641659B625F36AF9004D746E /* AppDelegate.swift in Sources */ = {isa = PBXBuildFile; fileRef = 641659B525F36AF9004D746E /* AppDelegate.swift */; };
		641659B825F36AF9004D746E /* GameScene.sks in Resources */ = {isa = PBXBuildFile; fileRef = 641659B725F36AF9004D746E /* GameScene.sks */; };
		641659BC25F36AF9004D746E /* GameScene.swift in Sources */ = {isa = PBXBuildFile; fileRef = 641659BB25F36AF9004D746E /* GameScene.swift */; };
		641659BE25F36AF9004D746E /* ViewController.swift in Sources */ = {isa = PBXBuildFile; fileRef = 641659BD25F36AF9004D746E /* ViewController.swift */; };
		641659C025F36AF9004D746E /* Assets.xcassets in Resources */ = {isa = PBXBuildFile; fileRef = 641659BF25F36AF9004D746E /* Assets.xcassets */; };
		641659C325F36AF9004D746E /* Main.storyboard in Resources */ = {isa = PBXBuildFile; fileRef = 641659C125F36AF9004D746E /* Main.storyboard */; };
		64C21A3625F39234003B1FEB /* PhysicsCategory.swift in Sources */ = {isa = PBXBuildFile; fileRef = 64C21A3525F39234003B1FEB /* PhysicsCategory.swift */; };
		64C26F0F25F4675000A88695 /* Player.swift in Sources */ = {isa = PBXBuildFile; fileRef = 64C26F0E25F4675000A88695 /* Player.swift */; };
		64C26F1225F473B500A88695 /* Wall.swift in Sources */ = {isa = PBXBuildFile; fileRef = 64C26F1125F473B500A88695 /* Wall.swift */; };
		64C26F1525F4770200A88695 /* Ball.swift in Sources */ = {isa = PBXBuildFile; fileRef = 64C26F1425F4770200A88695 /* Ball.swift */; };
/* End PBXBuildFile section */

/* Begin PBXFileReference section */
		641659B225F36AF9004D746E /* MacPong.app */ = {isa = PBXFileReference; explicitFileType = wrapper.application; includeInIndex = 0; path = MacPong.app; sourceTree = BUILT_PRODUCTS_DIR; };
		641659B525F36AF9004D746E /* AppDelegate.swift */ = {isa = PBXFileReference; lastKnownFileType = sourcecode.swift; path = AppDelegate.swift; sourceTree = "<group>"; };
		641659B725F36AF9004D746E /* GameScene.sks */ = {isa = PBXFileReference; lastKnownFileType = file.sks; path = GameScene.sks; sourceTree = "<group>"; };
		641659BB25F36AF9004D746E /* GameScene.swift */ = {isa = PBXFileReference; lastKnownFileType = sourcecode.swift; path = GameScene.swift; sourceTree = "<group>"; };
		641659BD25F36AF9004D746E /* ViewController.swift */ = {isa = PBXFileReference; lastKnownFileType = sourcecode.swift; path = ViewController.swift; sourceTree = "<group>"; };
		641659BF25F36AF9004D746E /* Assets.xcassets */ = {isa = PBXFileReference; lastKnownFileType = folder.assetcatalog; path = Assets.xcassets; sourceTree = "<group>"; };
		641659C225F36AF9004D746E /* Base */ = {isa = PBXFileReference; lastKnownFileType = file.storyboard; name = Base; path = Base.lproj/Main.storyboard; sourceTree = "<group>"; };
		641659C425F36AF9004D746E /* Info.plist */ = {isa = PBXFileReference; lastKnownFileType = text.plist.xml; path = Info.plist; sourceTree = "<group>"; };
		641659C525F36AF9004D746E /* MacPong.entitlements */ = {isa = PBXFileReference; lastKnownFileType = text.plist.entitlements; path = MacPong.entitlements; sourceTree = "<group>"; };
		64C21A3525F39234003B1FEB /* PhysicsCategory.swift */ = {isa = PBXFileReference; lastKnownFileType = sourcecode.swift; path = PhysicsCategory.swift; sourceTree = "<group>"; };
		64C26F0E25F4675000A88695 /* Player.swift */ = {isa = PBXFileReference; lastKnownFileType = sourcecode.swift; path = Player.swift; sourceTree = "<group>"; };
		64C26F1125F473B500A88695 /* Wall.swift */ = {isa = PBXFileReference; lastKnownFileType = sourcecode.swift; path = Wall.swift; sourceTree = "<group>"; };
		64C26F1425F4770200A88695 /* Ball.swift */ = {isa = PBXFileReference; lastKnownFileType = sourcecode.swift; path = Ball.swift; sourceTree = "<group>"; };
/* End PBXFileReference section */

/* Begin PBXFrameworksBuildPhase section */
		641659AF25F36AF9004D746E /* Frameworks */ = {
			isa = PBXFrameworksBuildPhase;
			buildActionMask = 2147483647;
			files = (
			);
			runOnlyForDeploymentPostprocessing = 0;
		};
/* End PBXFrameworksBuildPhase section */

/* Begin PBXGroup section */
		641659A925F36AF9004D746E = {
			isa = PBXGroup;
			children = (
				641659B425F36AF9004D746E /* MacPong */,
				641659B325F36AF9004D746E /* Products */,
			);
			sourceTree = "<group>";
		};
		641659B325F36AF9004D746E /* Products */ = {
			isa = PBXGroup;
			children = (
				641659B225F36AF9004D746E /* MacPong.app */,
			);
			name = Products;
			sourceTree = "<group>";
		};
		641659B425F36AF9004D746E /* MacPong */ = {
			isa = PBXGroup;
			children = (
				64C21A3325F3914B003B1FEB /* Models */,
				641659B525F36AF9004D746E /* AppDelegate.swift */,
				64C21A3025F39132003B1FEB /* Views */,
				64C21A3125F39143003B1FEB /* Controllers */,
				641659BF25F36AF9004D746E /* Assets.xcassets */,
				641659C425F36AF9004D746E /* Info.plist */,
				641659C525F36AF9004D746E /* MacPong.entitlements */,
			);
			path = MacPong;
			sourceTree = "<group>";
		};
		64C21A3025F39132003B1FEB /* Views */ = {
			isa = PBXGroup;
			children = (
				641659B725F36AF9004D746E /* GameScene.sks */,
				641659C125F36AF9004D746E /* Main.storyboard */,
			);
			path = Views;
			sourceTree = "<group>";
		};
		64C21A3125F39143003B1FEB /* Controllers */ = {
			isa = PBXGroup;
			children = (
				641659BB25F36AF9004D746E /* GameScene.swift */,
				641659BD25F36AF9004D746E /* ViewController.swift */,
			);
			path = Controllers;
			sourceTree = "<group>";
		};
		64C21A3325F3914B003B1FEB /* Models */ = {
			isa = PBXGroup;
			children = (
				64C21A3525F39234003B1FEB /* PhysicsCategory.swift */,
				64C26F0E25F4675000A88695 /* Player.swift */,
				64C26F1125F473B500A88695 /* Wall.swift */,
				64C26F1425F4770200A88695 /* Ball.swift */,
			);
			path = Models;
			sourceTree = "<group>";
		};
/* End PBXGroup section */

/* Begin PBXNativeTarget section */
		641659B125F36AF9004D746E /* MacPong */ = {
			isa = PBXNativeTarget;
			buildConfigurationList = 641659C825F36AF9004D746E /* Build configuration list for PBXNativeTarget "MacPong" */;
			buildPhases = (
				641659AE25F36AF9004D746E /* Sources */,
				641659AF25F36AF9004D746E /* Frameworks */,
				641659B025F36AF9004D746E /* Resources */,
			);
			buildRules = (
			);
			dependencies = (
			);
			name = MacPong;
			productName = MacPong;
			productReference = 641659B225F36AF9004D746E /* MacPong.app */;
			productType = "com.apple.product-type.application";
		};
/* End PBXNativeTarget section */

/* Begin PBXProject section */
		641659AA25F36AF9004D746E /* Project object */ = {
			isa = PBXProject;
			attributes = {
				LastSwiftUpdateCheck = 1240;
				LastUpgradeCheck = 1240;
				TargetAttributes = {
					641659B125F36AF9004D746E = {
						CreatedOnToolsVersion = 12.4;
					};
				};
			};
			buildConfigurationList = 641659AD25F36AF9004D746E /* Build configuration list for PBXProject "MacPong" */;
			compatibilityVersion = "Xcode 9.3";
			developmentRegion = en;
			hasScannedForEncodings = 0;
			knownRegions = (
				en,
				Base,
			);
			mainGroup = 641659A925F36AF9004D746E;
			productRefGroup = 641659B325F36AF9004D746E /* Products */;
			projectDirPath = "";
			projectRoot = "";
			targets = (
				641659B125F36AF9004D746E /* MacPong */,
			);
		};
/* End PBXProject section */

/* Begin PBXResourcesBuildPhase section */
		641659B025F36AF9004D746E /* Resources */ = {
			isa = PBXResourcesBuildPhase;
			buildActionMask = 2147483647;
			files = (
				641659B825F36AF9004D746E /* GameScene.sks in Resources */,
				641659C025F36AF9004D746E /* Assets.xcassets in Resources */,
				641659C325F36AF9004D746E /* Main.storyboard in Resources */,
			);
			runOnlyForDeploymentPostprocessing = 0;
		};
/* End PBXResourcesBuildPhase section */

/* Begin PBXSourcesBuildPhase section */
		641659AE25F36AF9004D746E /* Sources */ = {
			isa = PBXSourcesBuildPhase;
			buildActionMask = 2147483647;
			files = (
				641659BE25F36AF9004D746E /* ViewController.swift in Sources */,
				64C26F1225F473B500A88695 /* Wall.swift in Sources */,
				64C21A3625F39234003B1FEB /* PhysicsCategory.swift in Sources */,
				641659BC25F36AF9004D746E /* GameScene.swift in Sources */,
				64C26F0F25F4675000A88695 /* Player.swift in Sources */,
				64C26F1525F4770200A88695 /* Ball.swift in Sources */,
				641659B625F36AF9004D746E /* AppDelegate.swift in Sources */,
			);
			runOnlyForDeploymentPostprocessing = 0;
		};
/* End PBXSourcesBuildPhase section */

/* Begin PBXVariantGroup section */
		641659C125F36AF9004D746E /* Main.storyboard */ = {
			isa = PBXVariantGroup;
			children = (
				641659C225F36AF9004D746E /* Base */,
			);
			name = Main.storyboard;
			sourceTree = "<group>";
		};
/* End PBXVariantGroup section */

/* Begin XCBuildConfiguration section */
		641659C625F36AF9004D746E /* Debug */ = {
			isa = XCBuildConfiguration;
			buildSettings = {
				ALWAYS_SEARCH_USER_PATHS = NO;
				CLANG_ANALYZER_NONNULL = YES;
				CLANG_ANALYZER_NUMBER_OBJECT_CONVERSION = YES_AGGRESSIVE;
				CLANG_CXX_LANGUAGE_STANDARD = "gnu++14";
				CLANG_CXX_LIBRARY = "libc++";
				CLANG_ENABLE_MODULES = YES;
				CLANG_ENABLE_OBJC_ARC = YES;
				CLANG_ENABLE_OBJC_WEAK = YES;
				CLANG_WARN_BLOCK_CAPTURE_AUTORELEASING = YES;
				CLANG_WARN_BOOL_CONVERSION = YES;
				CLANG_WARN_COMMA = YES;
				CLANG_WARN_CONSTANT_CONVERSION = YES;
				CLANG_WARN_DEPRECATED_OBJC_IMPLEMENTATIONS = YES;
				CLANG_WARN_DIRECT_OBJC_ISA_USAGE = YES_ERROR;
				CLANG_WARN_DOCUMENTATION_COMMENTS = YES;
				CLANG_WARN_EMPTY_BODY = YES;
				CLANG_WARN_ENUM_CONVERSION = YES;
				CLANG_WARN_INFINITE_RECURSION = YES;
				CLANG_WARN_INT_CONVERSION = YES;
				CLANG_WARN_NON_LITERAL_NULL_CONVERSION = YES;
				CLANG_WARN_OBJC_IMPLICIT_RETAIN_SELF = YES;
				CLANG_WARN_OBJC_LITERAL_CONVERSION = YES;
				CLANG_WARN_OBJC_ROOT_CLASS = YES_ERROR;
				CLANG_WARN_QUOTED_INCLUDE_IN_FRAMEWORK_HEADER = YES;
				CLANG_WARN_RANGE_LOOP_ANALYSIS = YES;
				CLANG_WARN_STRICT_PROTOTYPES = YES;
				CLANG_WARN_SUSPICIOUS_MOVE = YES;
				CLANG_WARN_UNGUARDED_AVAILABILITY = YES_AGGRESSIVE;
				CLANG_WARN_UNREACHABLE_CODE = YES;
				CLANG_WARN__DUPLICATE_METHOD_MATCH = YES;
				COPY_PHASE_STRIP = NO;
				DEBUG_INFORMATION_FORMAT = dwarf;
				ENABLE_STRICT_OBJC_MSGSEND = YES;
				ENABLE_TESTABILITY = YES;
				GCC_C_LANGUAGE_STANDARD = gnu11;
				GCC_DYNAMIC_NO_PIC = NO;
				GCC_NO_COMMON_BLOCKS = YES;
				GCC_OPTIMIZATION_LEVEL = 0;
				GCC_PREPROCESSOR_DEFINITIONS = (
					"DEBUG=1",
					"$(inherited)",
				);
				GCC_WARN_64_TO_32_BIT_CONVERSION = YES;
				GCC_WARN_ABOUT_RETURN_TYPE = YES_ERROR;
				GCC_WARN_UNDECLARED_SELECTOR = YES;
				GCC_WARN_UNINITIALIZED_AUTOS = YES_AGGRESSIVE;
				GCC_WARN_UNUSED_FUNCTION = YES;
				GCC_WARN_UNUSED_VARIABLE = YES;
				MACOSX_DEPLOYMENT_TARGET = 11.1;
				MTL_ENABLE_DEBUG_INFO = INCLUDE_SOURCE;
				MTL_FAST_MATH = YES;
				ONLY_ACTIVE_ARCH = YES;
				SDKROOT = macosx;
				SWIFT_ACTIVE_COMPILATION_CONDITIONS = DEBUG;
				SWIFT_OPTIMIZATION_LEVEL = "-Onone";
			};
			name = Debug;
		};
		641659C725F36AF9004D746E /* Release */ = {
			isa = XCBuildConfiguration;
			buildSettings = {
				ALWAYS_SEARCH_USER_PATHS = NO;
				CLANG_ANALYZER_NONNULL = YES;
				CLANG_ANALYZER_NUMBER_OBJECT_CONVERSION = YES_AGGRESSIVE;
				CLANG_CXX_LANGUAGE_STANDARD = "gnu++14";
				CLANG_CXX_LIBRARY = "libc++";
				CLANG_ENABLE_MODULES = YES;
				CLANG_ENABLE_OBJC_ARC = YES;
				CLANG_ENABLE_OBJC_WEAK = YES;
				CLANG_WARN_BLOCK_CAPTURE_AUTORELEASING = YES;
				CLANG_WARN_BOOL_CONVERSION = YES;
				CLANG_WARN_COMMA = YES;
				CLANG_WARN_CONSTANT_CONVERSION = YES;
				CLANG_WARN_DEPRECATED_OBJC_IMPLEMENTATIONS = YES;
				CLANG_WARN_DIRECT_OBJC_ISA_USAGE = YES_ERROR;
				CLANG_WARN_DOCUMENTATION_COMMENTS = YES;
				CLANG_WARN_EMPTY_BODY = YES;
				CLANG_WARN_ENUM_CONVERSION = YES;
				CLANG_WARN_INFINITE_RECURSION = YES;
				CLANG_WARN_INT_CONVERSION = YES;
				CLANG_WARN_NON_LITERAL_NULL_CONVERSION = YES;
				CLANG_WARN_OBJC_IMPLICIT_RETAIN_SELF = YES;
				CLANG_WARN_OBJC_LITERAL_CONVERSION = YES;
				CLANG_WARN_OBJC_ROOT_CLASS = YES_ERROR;
				CLANG_WARN_QUOTED_INCLUDE_IN_FRAMEWORK_HEADER = YES;
				CLANG_WARN_RANGE_LOOP_ANALYSIS = YES;
				CLANG_WARN_STRICT_PROTOTYPES = YES;
				CLANG_WARN_SUSPICIOUS_MOVE = YES;
				CLANG_WARN_UNGUARDED_AVAILABILITY = YES_AGGRESSIVE;
				CLANG_WARN_UNREACHABLE_CODE = YES;
				CLANG_WARN__DUPLICATE_METHOD_MATCH = YES;
				COPY_PHASE_STRIP = NO;
				DEBUG_INFORMATION_FORMAT = "dwarf-with-dsym";
				ENABLE_NS_ASSERTIONS = NO;
				ENABLE_STRICT_OBJC_MSGSEND = YES;
				GCC_C_LANGUAGE_STANDARD = gnu11;
				GCC_NO_COMMON_BLOCKS = YES;
				GCC_WARN_64_TO_32_BIT_CONVERSION = YES;
				GCC_WARN_ABOUT_RETURN_TYPE = YES_ERROR;
				GCC_WARN_UNDECLARED_SELECTOR = YES;
				GCC_WARN_UNINITIALIZED_AUTOS = YES_AGGRESSIVE;
				GCC_WARN_UNUSED_FUNCTION = YES;
				GCC_WARN_UNUSED_VARIABLE = YES;
				MACOSX_DEPLOYMENT_TARGET = 11.1;
				MTL_ENABLE_DEBUG_INFO = NO;
				MTL_FAST_MATH = YES;
				SDKROOT = macosx;
				SWIFT_COMPILATION_MODE = wholemodule;
				SWIFT_OPTIMIZATION_LEVEL = "-O";
			};
			name = Release;
		};
		641659C925F36AF9004D746E /* Debug */ = {
			isa = XCBuildConfiguration;
			buildSettings = {
				ASSETCATALOG_COMPILER_APPICON_NAME = AppIcon;
				ASSETCATALOG_COMPILER_GLOBAL_ACCENT_COLOR_NAME = AccentColor;
				CODE_SIGN_ENTITLEMENTS = MacPong/MacPong.entitlements;
				CODE_SIGN_STYLE = Automatic;
				COMBINE_HIDPI_IMAGES = YES;
				DEVELOPMENT_TEAM = ZB4ZCCEUWC;
				ENABLE_HARDENED_RUNTIME = YES;
				INFOPLIST_FILE = MacPong/Info.plist;
				LD_RUNPATH_SEARCH_PATHS = (
					"$(inherited)",
					"@executable_path/../Frameworks",
				);
				PRODUCT_BUNDLE_IDENTIFIER = ai.sodoherty.MacPong;
				PRODUCT_NAME = "$(TARGET_NAME)";
				SWIFT_VERSION = 5.0;
			};
			name = Debug;
		};
		641659CA25F36AF9004D746E /* Release */ = {
			isa = XCBuildConfiguration;
			buildSettings = {
				ASSETCATALOG_COMPILER_APPICON_NAME = AppIcon;
				ASSETCATALOG_COMPILER_GLOBAL_ACCENT_COLOR_NAME = AccentColor;
				CODE_SIGN_ENTITLEMENTS = MacPong/MacPong.entitlements;
				CODE_SIGN_STYLE = Automatic;
				COMBINE_HIDPI_IMAGES = YES;
				DEVELOPMENT_TEAM = ZB4ZCCEUWC;
				ENABLE_HARDENED_RUNTIME = YES;
				INFOPLIST_FILE = MacPong/Info.plist;
				LD_RUNPATH_SEARCH_PATHS = (
					"$(inherited)",
					"@executable_path/../Frameworks",
				);
				PRODUCT_BUNDLE_IDENTIFIER = ai.sodoherty.MacPong;
				PRODUCT_NAME = "$(TARGET_NAME)";
				SWIFT_VERSION = 5.0;
			};
			name = Release;
		};
/* End XCBuildConfiguration section */

/* Begin XCConfigurationList section */
		641659AD25F36AF9004D746E /* Build configuration list for PBXProject "MacPong" */ = {
			isa = XCConfigurationList;
			buildConfigurations = (
				641659C625F36AF9004D746E /* Debug */,
				641659C725F36AF9004D746E /* Release */,
			);
			defaultConfigurationIsVisible = 0;
			defaultConfigurationName = Release;
		};
		641659C825F36AF9004D746E /* Build configuration list for PBXNativeTarget "MacPong" */ = {
			isa = XCConfigurationList;
			buildConfigurations = (
				641659C925F36AF9004D746E /* Debug */,
				641659CA25F36AF9004D746E /* Release */,
			);
			defaultConfigurationIsVisible = 0;
			defaultConfigurationName = Release;
		};
/* End XCConfigurationList section */
	};
	rootObject = 641659AA25F36AF9004D746E /* Project object */;
}
